{
  "name": "ahms",
  "version": "1.0.0",
  "lockfileVersion": 1,
  "requires": true,
  "dependencies": {
    "bootstrap3-dialog": {
      "version": "1.35.4",
      "resolved": "https://registry.npmjs.org/bootstrap3-dialog/-/bootstrap3-dialog-1.35.4.tgz",
      "integrity": "sha1-BzI7VlTa5bZaxeokcahDfHCWTTw="
    },
    "datatables.net": {
      "version": "1.10.21",
      "resolved": "https://registry.npmjs.org/datatables.net/-/datatables.net-1.10.21.tgz",
      "integrity": "sha512-/bSZtxmf3GTpYcvEmwZ8q26I1yhSx8qklR2B+s1K8+/51UW/zc2zTYwJMqr/Z+iCYixAc00ildj4g2x0Qamolw==",
      "requires": {
        "jquery": ">=1.7"
      }
    },
    "datatables.net-bs": {
      "version": "1.10.21",
      "resolved": "https://registry.npmjs.org/datatables.net-bs/-/datatables.net-bs-1.10.21.tgz",
      "integrity": "sha512-4mpesFXNEkLlQET3IDLclLz95Xit4Kp/jHcOM2X0nc/ijDfO3qJk3ehZ+NSEAkXZDge6ZtY5Zxq2O90ISiIjwQ==",
      "requires": {
        "datatables.net": "1.10.21",
        "jquery": ">=1.7"
      }
    },
    "datatables.net-fixedheader": {
      "version": "3.1.7",
      "resolved": "https://registry.npmjs.org/datatables.net-fixedheader/-/datatables.net-fixedheader-3.1.7.tgz",
      "integrity": "sha512-WN2UFDn/i/6NAXMjyfd67Yfwm5lIdP8e1N1rBqQ30izZ8IituJKDFffVTi0y5S3SiwZzCpKFRvdLEehFtCaQng==",
      "requires": {
        "datatables.net": "^1.10.15",
        "jquery": ">=1.7"
      }
    },
    "datatables.net-fixedheader-bs": {
      "version": "3.1.7",
      "resolved": "https://registry.npmjs.org/datatables.net-fixedheader-bs/-/datatables.net-fixedheader-bs-3.1.7.tgz",
      "integrity": "sha512-f925wVy4OvLR4Z3F6Q8ZNZKhq4eGWfN4KyKFYPqFxycZUz3381K1qFiaELxtr+y8IadWSkm3nkp4cp9Oq24yow==",
      "requires": {
        "datatables.net-bs": "^1.10.15",
        "datatables.net-fixedheader": "3.1.7",
        "jquery": ">=1.7"
      }
    },
    "datatables.net-responsive": {
      "version": "2.2.5",
      "resolved": "https://registry.npmjs.org/datatables.net-responsive/-/datatables.net-responsive-2.2.5.tgz",
      "integrity": "sha512-AuF28BJRQWfke0cwZwgJB5+WHgoDCDAnW59TJWX4JAXYes3iFrJA6mNHWw46Up3bqUJVI2ZxJoKTGpoEHm5hNA==",
      "requires": {
        "datatables.net": "^1.10.15",
        "jquery": ">=1.7"
      }
    },
    "datatables.net-responsive-bs": {
      "version": "2.2.5",
      "resolved": "https://registry.npmjs.org/datatables.net-responsive-bs/-/datatables.net-responsive-bs-2.2.5.tgz",
      "integrity": "sha512-O3tIWZUiFtdHm5CkQ9I1vaQBQ74cchOq19JkYzWykkwP5mzW+tKuHINcajxDL5GJo8WXejG9BSNq6ZRK1BQkBw==",
      "requires": {
        "datatables.net-bs": "^1.10.15",
        "datatables.net-responsive": "2.2.5",
        "jquery": ">=1.7"
      }
    },
    "jquery": {
      "version": "3.5.1",
      "resolved": "https://registry.npmjs.org/jquery/-/jquery-3.5.1.tgz",
      "integrity": "sha512-XwIBPqcMn57FxfT+Go5pzySnm4KWkT1Tv7gjrpT1srtf8Weynl6R273VJ5GjkRb51IzMp5nbaPjJXMWeju2MKg=="
    }
  }
}
